# This file is automatically @generated by Poetry 1.8.3 and should not be changed by hand.

[[package]]
name = "tigerbeetle"
version = "0.16.35"
description = "The TigerBeetle client for Python."
optional = false
python-versions = ">=3.7"
files = [
    {file = "tigerbeetle-0.16.35-py3-none-any.whl", hash = "sha256:ecd8d7d4dfb390a5378afdd5e6e1a8ce505075fe7fdcd6e7e63c0990914ccb18"},
]

[metadata]
lock-version = "2.0"
python-versions = "^3.12"
content-hash = "2f26229f082daf3604b105e87ccaba4cf9fbfdd26baa4c50bc335630b726de1e"
